{
  "lockfile_version": "1",
  "packages": {
    "github:NixOS/nixpkgs/nixpkgs-unstable": {
      "last_modified": "2025-05-04T22:22:57Z",
      "resolved": "github:NixOS/nixpkgs/ed30f8aba41605e3ab46421e3dcb4510ec560ff8?lastModified=1746397377&narHash=sha256-5oLdRa3vWSRbuqPIFFmQBGGUqaYZBxX%2BGGtN9f%2Fn4lU%3D"
    },
    "poetry@latest": {
      "last_modified": "2025-04-07T13:23:10Z",
      "resolved": "github:NixOS/nixpkgs/b0b4b5f8f621bfe213b8b21694bab52ecfcbf30b#poetry",
      "source": "devbox-search",
      "version": "2.1.2",
      "systems": {
        "aarch64-darwin": {
          "outputs": [
            {
              "name": "out",
              "path": "/nix/store/2xw7agngrypv69z8gy56k66da6a7nx6z-python3.12-poetry-2.1.2",
              "default": true
            },
            {
              "name": "dist",
              "path": "/nix/store/sg297wxdc0v8yjw9g3gda6ibw8vxd7mh-python3.12-poetry-2.1.2-dist"
            }
          ],
          "store_path": "/nix/store/2xw7agngrypv69z8gy56k66da6a7nx6z-python3.12-poetry-2.1.2"
        },
        "aarch64-linux": {
          "outputs": [
            {
              "name": "out",
              "path": "/nix/store/aaxg9q28xs8g5p77jampcf5yksanhvrl-python3.12-poetry-2.1.2",
              "default": true
            },
            {
              "name": "dist",
              "path": "/nix/store/3s3xfrmdc43l8pjaykkhzwi99jcwhx4b-python3.12-poetry-2.1.2-dist"
            }
          ],
          "store_path": "/nix/store/aaxg9q28xs8g5p77jampcf5yksanhvrl-python3.12-poetry-2.1.2"
        },
        "x86_64-darwin": {
          "outputs": [
            {
              "name": "out",
              "path": "/nix/store/mi2dfslswq0xd4n4lvj6fwg9yjmk9z9s-python3.12-poetry-2.1.2",
              "default": true
            },
            {
              "name": "dist",
              "path": "/nix/store/ihdzan4pw9y1flilf09mcc2ry1z4fzdw-python3.12-poetry-2.1.2-dist"
            }
          ],
          "store_path": "/nix/store/mi2dfslswq0xd4n4lvj6fwg9yjmk9z9s-python3.12-poetry-2.1.2"
        },
        "x86_64-linux": {
          "outputs": [
            {
              "name": "out",
              "path": "/nix/store/grh2yh63i5z2k3055ip12lvxa8kw2fhm-python3.12-poetry-2.1.2",
              "default": true
            },
            {
              "name": "dist",
              "path": "/nix/store/rl4v9kcf9027sw8vl7fl6d4g61fppcii-python3.12-poetry-2.1.2-dist"
            }
          ],
          "store_path": "/nix/store/grh2yh63i5z2k3055ip12lvxa8kw2fhm-python3.12-poetry-2.1.2"
        }
      }
    },
    "poetryPlugins.poetry-plugin-export@latest": {
      "last_modified": "2025-04-07T13:23:10Z",
      "resolved": "github:NixOS/nixpkgs/b0b4b5f8f621bfe213b8b21694bab52ecfcbf30b#poetryPlugins.poetry-plugin-export",
      "source": "devbox-search",
      "version": "1.9.0",
      "systems": {
        "aarch64-darwin": {
          "outputs": [
            {
              "name": "out",
              "path": "/nix/store/v6l52jggiyr0qkjardn3pr23z6pwrr8f-python3.12-poetry-plugin-export-1.9.0",
              "default": true
            },
            {
              "name": "dist",
              "path": "/nix/store/nm5484v067ds8l2nw077rxqcg7kmc9gq-python3.12-poetry-plugin-export-1.9.0-dist"
            }
          ],
          "store_path": "/nix/store/v6l52jggiyr0qkjardn3pr23z6pwrr8f-python3.12-poetry-plugin-export-1.9.0"
        },
        "aarch64-linux": {
          "outputs": [
            {
              "name": "out",
              "path": "/nix/store/vkq1a19cv6gq02mc6gd5gd053ips21if-python3.12-poetry-plugin-export-1.9.0",
              "default": true
            },
            {
              "name": "dist",
              "path": "/nix/store/9cb9mvaljcg1pcggj19apx45xjlpcl6m-python3.12-poetry-plugin-export-1.9.0-dist"
            }
          ],
          "store_path": "/nix/store/vkq1a19cv6gq02mc6gd5gd053ips21if-python3.12-poetry-plugin-export-1.9.0"
        },
        "x86_64-darwin": {
          "outputs": [
            {
              "name": "out",
              "path": "/nix/store/asd1g8gci10dk0vwy6y7ri4fna0icv0l-python3.12-poetry-plugin-export-1.9.0",
              "default": true
            },
            {
              "name": "dist",
              "path": "/nix/store/dmsbkww5nyvkb95sqpd8fr81zqgzzs2i-python3.12-poetry-plugin-export-1.9.0-dist"
            }
          ],
          "store_path": "/nix/store/asd1g8gci10dk0vwy6y7ri4fna0icv0l-python3.12-poetry-plugin-export-1.9.0"
        },
        "x86_64-linux": {
          "outputs": [
            {
              "name": "out",
              "path": "/nix/store/xwpzpma696kb5apgxc6385k8m98kx43p-python3.12-poetry-plugin-export-1.9.0",
              "default": true
            },
            {
              "name": "dist",
              "path": "/nix/store/dd7wr2n3689snpyajq5c40l5xqpc4x22-python3.12-poetry-plugin-export-1.9.0-dist"
            }
          ],
          "store_path": "/nix/store/xwpzpma696kb5apgxc6385k8m98kx43p-python3.12-poetry-plugin-export-1.9.0"
        }
      }
    },
    "python@latest": {
      "last_modified": "2025-03-27T11:50:31Z",
      "plugin_version": "0.0.4",
      "resolved": "github:NixOS/nixpkgs/6c5963357f3c1c840201eda129a99d455074db04#python313",
      "source": "devbox-search",
      "version": "3.13.2",
      "systems": {
        "aarch64-darwin": {
          "outputs": [
            {
              "name": "out",
              "path": "/nix/store/f55hdkj3px5v288jv6yai2gh5xrlj848-python3-3.13.2",
              "default": true
            }
          ],
          "store_path": "/nix/store/f55hdkj3px5v288jv6yai2gh5xrlj848-python3-3.13.2"
        },
        "aarch64-linux": {
          "outputs": [
            {
              "name": "out",
              "path": "/nix/store/bs017cd4y2gzqc1sz3gw6v7hjwpyq3l6-python3-3.13.2",
              "default": true
            },
            {
              "name": "debug",
              "path": "/nix/store/xs7r19skm9hlli72q7q1wck5da957bqc-python3-3.13.2-debug"
            }
          ],
          "store_path": "/nix/store/bs017cd4y2gzqc1sz3gw6v7hjwpyq3l6-python3-3.13.2"
        },
        "x86_64-darwin": {
          "outputs": [
            {
              "name": "out",
              "path": "/nix/store/wjxlppca1s14xzw5iz608qpywyl5mcdw-python3-3.13.2",
              "default": true
            }
          ],
          "store_path": "/nix/store/wjxlppca1s14xzw5iz608qpywyl5mcdw-python3-3.13.2"
        },
        "x86_64-linux": {
          "outputs": [
            {
              "name": "out",
              "path": "/nix/store/njpnqszjaj6k38cp4466ygn74n392xy1-python3-3.13.2",
              "default": true
            },
            {
              "name": "debug",
              "path": "/nix/store/ixcc4jnj3byz0hg943wadfy1phxkmmgg-python3-3.13.2-debug"
            }
          ],
          "store_path": "/nix/store/njpnqszjaj6k38cp4466ygn74n392xy1-python3-3.13.2"
        }
      }
    }
  }
}
